
Microsoft Visual Studio Solution File, Format Version 12.00
# Visual Studio Version 17
VisualStudioVersion = 17.7.34031.279
MinimumVisualStudioVersion = 10.0.40219.1
Project("{FAE04EC0-301F-11D3-BF4B-00C04F79EFBC}") = "PasswordsManager-Desktop", "PasswordsManager-Desktop.csproj", "{4F7A16C5-856E-4482-BEFB-38C02379E1C1}"
EndProject
Global
	GlobalSection(SolutionConfigurationPlatforms) = preSolution
		Debug|Any CPU = Debug|Any CPU
		Release|Any CPU = Release|Any CPU
	EndGlobalSection
	GlobalSection(ProjectConfigurationPlatforms) = postSolution
		{4F7A16C5-856E-4482-BEFB-38C02379E1C1}.Debug|Any CPU.ActiveCfg = Debug|Any CPU
		{4F7A16C5-856E-4482-BEFB-38C02379E1C1}.Debug|Any CPU.Build.0 = Debug|Any CPU
		{4F7A16C5-856E-4482-BEFB-38C02379E1C1}.Release|Any CPU.ActiveCfg = Release|Any CPU
		{4F7A16C5-856E-4482-BEFB-38C02379E1C1}.Release|Any CPU.Build.0 = Release|Any CPU
	EndGlobalSection
	GlobalSection(SolutionProperties) = preSolution
		HideSolutionNode = FALSE
	EndGlobalSection
	GlobalSection(ExtensibilityGlobals) = postSolution
		SolutionGuid = {A102EB89-86C4-4981-9BA4-08813EA1B2AA}
	EndGlobalSection
EndGlobal
